// !$*UTF8*$!
{
	archiveVersion = 1;
	classes = {
	};
	objectVersion = 56;
	objects = {

/* Begin PBXBuildFile section */
		02ABC2CEEA914C959E61E028 /* CloudKitService.swift in Sources */ = {isa = PBXBuildFile; fileRef = 595D7062BFBF413DA8BA003C /* CloudKitService.swift */; };
		03A1237FC77E43D2B6698A64 /* ContentView.swift in Sources */ = {isa = PBXBuildFile; fileRef = 4F73691411C641EE9E5E0180 /* ContentView.swift */; };
		0C269737CF02497A996C6DD8 /* Assets.xcassets in Resources */ = {isa = PBXBuildFile; fileRef = 1CCD403B2EA641EB8CD92769 /* Assets.xcassets */; };
		0CC6A3785A284F1C8628046C /* MarketDataService.swift in Sources */ = {isa = PBXBuildFile; fileRef = 6023B481F046438FB9D5AB1A /* MarketDataService.swift */; };
		1AA2BB3CC4DD5EE6FF778899 /* Asset+Deposit.swift in Sources */ = {isa = PBXBuildFile; fileRef = B1F2A3C4D5E6071890ABCDEF /* Asset+Deposit.swift */; };
		1BB2CC3DD4EE5FF6AA778899 /* Asset+Identifier.swift in Sources */ = {isa = PBXBuildFile; fileRef = B2F3A4C5D6E7081991ABCDEF /* Asset+Identifier.swift */; };
		1CC2DD3EE4FF5AA6BB778899 /* Holding+Identifier.swift in Sources */ = {isa = PBXBuildFile; fileRef = B3F4A5C6D7E8091A92ABCDEF /* Holding+Identifier.swift */; };
		1DD2EE3FF4AA5BB6CC778899 /* Transaction+Deposit.swift in Sources */ = {isa = PBXBuildFile; fileRef = B4F5A6C7D8E90A1B93ABCDEF /* Transaction+Deposit.swift */; };
		2022E4B164974B0DB2BBCD5E /* FamilyInvestmentTrackerApp.swift in Sources */ = {isa = PBXBuildFile; fileRef = 85FFAA3D58B9478DAE939C28 /* FamilyInvestmentTrackerApp.swift */; };
		29D6308CA77F440B853D914F /* HoldingDetailView.swift in Sources */ = {isa = PBXBuildFile; fileRef = C50FDA55600A41BC875E0BD6 /* HoldingDetailView.swift */; };
		2AA3BB4CC5DD6EE7FF889900 /* CashBalanceService.swift in Sources */ = {isa = PBXBuildFile; fileRef = C1D2E3F4A5B6071890ABCDEF /* CashBalanceService.swift */; };
		2BB3CC4DD5EE6FF7AA889900 /* FixedDepositMigrationService.swift in Sources */ = {isa = PBXBuildFile; fileRef = C2D3E4F5A6B7081991ABCDEF /* FixedDepositMigrationService.swift */; };
		2CC3DD4EE5FF6AA7BB889900 /* FixedDepositService.swift in Sources */ = {isa = PBXBuildFile; fileRef = C3D4E5F6A7B8091A92ABCDEF /* FixedDepositService.swift */; };
		347C0A05FBD64A32B512CA58 /* AnalyticsView.swift in Sources */ = {isa = PBXBuildFile; fileRef = C92FBCCFBC834245B55F0285 /* AnalyticsView.swift */; };
		3AA4BB5CC6DD7EE8FF990011 /* AddFixedDepositView.swift in Sources */ = {isa = PBXBuildFile; fileRef = D1E2F3A4B5C6071890ABCDEF /* AddFixedDepositView.swift */; };
		3BB4CC5DD6EE7FF8AA990011 /* FixedDepositManagementView.swift in Sources */ = {isa = PBXBuildFile; fileRef = D2E3F4A5B6C7081991ABCDEF /* FixedDepositManagementView.swift */; };
		3CC4DD5EE6FF7AA8BB990011 /* FixedDepositMigrationView.swift in Sources */ = {isa = PBXBuildFile; fileRef = D3E4F5A6B7C8091A92ABCDEF /* FixedDepositMigrationView.swift */; };
		54A8582A9FF64B02975C69C5 /* TransactionType.swift in Sources */ = {isa = PBXBuildFile; fileRef = A597C86D50F2403B90A1C9D7 /* TransactionType.swift */; };
		560258E959B6429D904DAB71 /* TransactionDetailView.swift in Sources */ = {isa = PBXBuildFile; fileRef = 0C99186756F54D068D8536E8 /* TransactionDetailView.swift */; };
		58F2D75B45B147E8BF87850B /* Portfolio+Cash.swift in Sources */ = {isa = PBXBuildFile; fileRef = EEA99CCF4E3B4F06AFD5C2F0 /* Portfolio+Cash.swift */; };
		5FAF03082FDC46558F9413C4 /* PortfolioDashboardView.swift in Sources */ = {isa = PBXBuildFile; fileRef = 98DC16DBA98343AEBC73F1F4 /* PortfolioDashboardView.swift */; };
		672CA89D46D34C8AA97BE10F /* Persistence.swift in Sources */ = {isa = PBXBuildFile; fileRef = 7B3A9F2F8FDE4A6C8B9E0E09 /* Persistence.swift */; };
		7E3696D6D0B044F798ED84F2 /* AddTransactionView.swift in Sources */ = {isa = PBXBuildFile; fileRef = 7A3E21BE5A3A416AA00B47A0 /* AddTransactionView.swift */; };
		8249C25014704EEDA0D21F55 /* SettingsView.swift in Sources */ = {isa = PBXBuildFile; fileRef = E05B1E5F2D334E2190922280 /* SettingsView.swift */; };
		83A5D1E5DC394A9EB73324A7 /* AddPortfolioView.swift in Sources */ = {isa = PBXBuildFile; fileRef = 56FC7726FE2E4297BBECEA49 /* AddPortfolioView.swift */; };
		842B620D08FA0D905EF77BE2 /* Transaction+RealizedGain.swift in Sources */ = {isa = PBXBuildFile; fileRef = F74CA0BB7B14D5CF69491037 /* Transaction+RealizedGain.swift */; };
		8F98ABE15450474E80A397BB /* TransactionsView.swift in Sources */ = {isa = PBXBuildFile; fileRef = A6585115FE4F40BFBC1525C4 /* TransactionsView.swift */; };
		96B7992AEA38485CB1E59864 /* AuthenticationManager.swift in Sources */ = {isa = PBXBuildFile; fileRef = D2E87F551CE64C0EBE952816 /* AuthenticationManager.swift */; };
		A0900C7229C51F7F009D1EAB /* PortfolioInstitutionCurrencyCash+Extensions.swift in Sources */ = {isa = PBXBuildFile; fileRef = A0900C7129C51F7F009D1EAB /* PortfolioInstitutionCurrencyCash+Extensions.swift */; };
		A1B2C3D4E5F6G7H8I9J0K1L2 /* CloudShareView.swift in Sources */ = {isa = PBXBuildFile; fileRef = B2C3D4E5F6G7H8I9J0K1L2M3 /* CloudShareView.swift */; };
		A2C3D4E5F6A7B8090C1D2E3F /* DashboardSettingsService.swift in Sources */ = {isa = PBXBuildFile; fileRef = E3B4F5C6D7A80901E2F3A4B5 /* DashboardSettingsService.swift */; };
		A3B4C5D6E7F8123456789ABC /* CloudShareManager.swift in Sources */ = {isa = PBXBuildFile; fileRef = D6B7C8A9E0F1123456789ABC /* CloudShareManager.swift */; };
		A7BE011BD6D04F25A1938907 /* PortfolioSettingsView.swift in Sources */ = {isa = PBXBuildFile; fileRef = A136EB05B9154DEDA208FC05 /* PortfolioSettingsView.swift */; };
		ABA07C6B8FDB2A8E718FE4C1 /* BackupService.swift in Sources */ = {isa = PBXBuildFile; fileRef = 68B373C3D4EC855E13FBBC0D /* BackupService.swift */; };
		ABDE230C8B0048F780ACCAB0 /* AuthenticationView.swift in Sources */ = {isa = PBXBuildFile; fileRef = CF52C0EA3CEE4AE2ADBCD676 /* AuthenticationView.swift */; };
		B1298A2431A4CD7CB2A823D9 /* RealizedPnLView.swift in Sources */ = {isa = PBXBuildFile; fileRef = 3D046EC644910D6BDC69E714 /* RealizedPnLView.swift */; };
		B1E7E6EA5A0845AC94672E31 /* CurrencyService.swift in Sources */ = {isa = PBXBuildFile; fileRef = 14EA6AA8835A46F9861D6378 /* CurrencyService.swift */; };
		B5C6D7E8F90123456789ABCD /* TransactionImpactService.swift in Sources */ = {isa = PBXBuildFile; fileRef = E4A1B2C3D4E5F60718293A4B /* TransactionImpactService.swift */; };
		B7236D6B6C2246DFA1DDE107 /* Formatters.swift in Sources */ = {isa = PBXBuildFile; fileRef = 4E3FD956593F495A808BA082 /* Formatters.swift */; };
		B7F0E1C2D3B4456699AA0012 /* CashDisciplineService.swift in Sources */ = {isa = PBXBuildFile; fileRef = A7F0E1C2D3B4456699AA0011 /* CashDisciplineService.swift */; };
		B8A3BF339CA44DBF8A3D0047 /* ExportDataView.swift in Sources */ = {isa = PBXBuildFile; fileRef = 5CFE7AA0DD064D5E91FF413D /* ExportDataView.swift */; };
		C1D2E3F4A5B6978899CCDDF0 /* Transaction+CashDiscipline.swift in Sources */ = {isa = PBXBuildFile; fileRef = C1D2E3F4A5B6978899CCDDF1 /* Transaction+CashDiscipline.swift */; };
		C4D5E6F7G8H9I0J1K2L3M4N5 /* PortfolioOwnershipService.swift in Sources */ = {isa = PBXBuildFile; fileRef = D5E6F7G8H9I0J1K2L3M4N5O6 /* PortfolioOwnershipService.swift */; };
		D149D9695BA94585ADA4CE5F /* PortfolioListView.swift in Sources */ = {isa = PBXBuildFile; fileRef = 46CA597ABF61463EBB88272F /* PortfolioListView.swift */; };
		DAAA11112222333344445555 /* CashOverviewView.swift in Sources */ = {isa = PBXBuildFile; fileRef = CAAA11112222333344445555 /* CashOverviewView.swift */; };
		DC551AD0B5EA412398AB1893 /* ExportService.swift in Sources */ = {isa = PBXBuildFile; fileRef = E366BA19FB884F43926B5E7B /* ExportService.swift */; };
		DC9D5EF6AE3B47378F352FEC /* HoldingsView.swift in Sources */ = {isa = PBXBuildFile; fileRef = 1F20E7A40D184FC4AFA47EA7 /* HoldingsView.swift */; };
		E1D2C3B4A5968778695A4B3C /* InsurancePaymentService.swift in Sources */ = {isa = PBXBuildFile; fileRef = F4E3D2C1B0A9988776655443 /* InsurancePaymentService.swift */; };
		E2BF2D84B7C1CE379A5EBC69 /* Transaction+Identifier.swift in Sources */ = {isa = PBXBuildFile; fileRef = 395737A13B277FC9BE5D744C /* Transaction+Identifier.swift */; };
		E5595773ED24E0FEF64845E6 /* Institution+Cash.swift in Sources */ = {isa = PBXBuildFile; fileRef = 8702523FBFC6E22949A4646D /* Institution+Cash.swift */; };
		E79764D12E990C850061C202 /* ActionCalendarView.swift in Sources */ = {isa = PBXBuildFile; fileRef = E79764D02E990C850061C202 /* ActionCalendarView.swift */; };
		E797650B2EA87B710061C202 /* SecurityQuestionManager.swift in Sources */ = {isa = PBXBuildFile; fileRef = E797650A2EA87B710061C202 /* SecurityQuestionManager.swift */; };
		E79765102EA87BA10061C202 /* PasswordRecoveryView.swift in Sources */ = {isa = PBXBuildFile; fileRef = E797650D2EA87BA10061C202 /* PasswordRecoveryView.swift */; };
		E79765112EA87BA10061C202 /* NewPasswordSetupView.swift in Sources */ = {isa = PBXBuildFile; fileRef = E797650C2EA87BA10061C202 /* NewPasswordSetupView.swift */; };
		E79765122EA87BA10061C202 /* SecurityQuestionsRecoveryView.swift in Sources */ = {isa = PBXBuildFile; fileRef = E797650E2EA87BA10061C202 /* SecurityQuestionsRecoveryView.swift */; };
		E79765132EA87BA10061C202 /* SecurityQuestionsSetupView.swift in Sources */ = {isa = PBXBuildFile; fileRef = E797650F2EA87BA10061C202 /* SecurityQuestionsSetupView.swift */; };
		E79765152EA885EF0061C202 /* SecurityQuestionsManagementView.swift in Sources */ = {isa = PBXBuildFile; fileRef = E79765142EA885EF0061C202 /* SecurityQuestionsManagementView.swift */; };
		E7C3DCF02E7E881900FC092A /* InstitutionAssetService.swift in Sources */ = {isa = PBXBuildFile; fileRef = E7C3DCEF2E7E881900FC092A /* InstitutionAssetService.swift */; };
		F5A6B7C8D9E00123456789AC /* RealizedPnLCalculator.swift in Sources */ = {isa = PBXBuildFile; fileRef = F5A6B7C8D9E00123456789AB /* RealizedPnLCalculator.swift */; };
		F5A6B7C8D9E00123456789B2 /* RealizedGainRepairService.swift in Sources */ = {isa = PBXBuildFile; fileRef = F5A6B7C8D9E00123456789B1 /* RealizedGainRepairService.swift */; };
		F5A6B7C8D9E00123456789D2 /* CompanionLinkRepairService.swift in Sources */ = {isa = PBXBuildFile; fileRef = F5A6B7C8D9E00123456789D1 /* CompanionLinkRepairService.swift */; };
		F70A2E2BE7324FD9938E12DB /* FamilyInvestmentTracker.xcdatamodeld in Sources */ = {isa = PBXBuildFile; fileRef = 34312004A3BC4B16A37E5324 /* FamilyInvestmentTracker.xcdatamodeld */; };
		FBD0CCD82D2847218E69009D /* PortfolioViewModel.swift in Sources */ = {isa = PBXBuildFile; fileRef = 5EDE449667EB4F12AF20AC12 /* PortfolioViewModel.swift */; };
/* End PBXBuildFile section */

/* Begin PBXFileReference section */
		0C99186756F54D068D8536E8 /* TransactionDetailView.swift */ = {isa = PBXFileReference; lastKnownFileType = sourcecode.swift; path = TransactionDetailView.swift; sourceTree = "<group>"; };
		14EA6AA8835A46F9861D6378 /* CurrencyService.swift */ = {isa = PBXFileReference; lastKnownFileType = sourcecode.swift; path = CurrencyService.swift; sourceTree = "<group>"; };
		15E592AC0E3F4869838779D2 /* Info.plist */ = {isa = PBXFileReference; lastKnownFileType = text.plist.xml; path = Info.plist; sourceTree = "<group>"; };
		1CCD403B2EA641EB8CD92769 /* Assets.xcassets */ = {isa = PBXFileReference; lastKnownFileType = folder.assetcatalog; path = Assets.xcassets; sourceTree = "<group>"; };
		1F20E7A40D184FC4AFA47EA7 /* HoldingsView.swift */ = {isa = PBXFileReference; lastKnownFileType = sourcecode.swift; path = HoldingsView.swift; sourceTree = "<group>"; };
		34312004A3BC4B16A37E5324 /* FamilyInvestmentTracker.xcdatamodeld */ = {isa = PBXFileReference; lastKnownFileType = wrapper.xcdatamodel; path = FamilyInvestmentTracker.xcdatamodeld; sourceTree = "<group>"; };
		395737A13B277FC9BE5D744C /* Transaction+Identifier.swift */ = {isa = PBXFileReference; lastKnownFileType = sourcecode.swift; path = "Transaction+Identifier.swift"; sourceTree = "<group>"; };
		3D046EC644910D6BDC69E714 /* RealizedPnLView.swift */ = {isa = PBXFileReference; lastKnownFileType = sourcecode.swift; path = RealizedPnLView.swift; sourceTree = "<group>"; };
		46CA597ABF61463EBB88272F /* PortfolioListView.swift */ = {isa = PBXFileReference; lastKnownFileType = sourcecode.swift; path = PortfolioListView.swift; sourceTree = "<group>"; };
		4E3FD956593F495A808BA082 /* Formatters.swift */ = {isa = PBXFileReference; lastKnownFileType = sourcecode.swift; path = Formatters.swift; sourceTree = "<group>"; };
		4F73691411C641EE9E5E0180 /* ContentView.swift */ = {isa = PBXFileReference; lastKnownFileType = sourcecode.swift; path = ContentView.swift; sourceTree = "<group>"; };
		56FC7726FE2E4297BBECEA49 /* AddPortfolioView.swift */ = {isa = PBXFileReference; lastKnownFileType = sourcecode.swift; path = AddPortfolioView.swift; sourceTree = "<group>"; };
		595D7062BFBF413DA8BA003C /* CloudKitService.swift */ = {isa = PBXFileReference; lastKnownFileType = sourcecode.swift; path = CloudKitService.swift; sourceTree = "<group>"; };
		5CFE7AA0DD064D5E91FF413D /* ExportDataView.swift */ = {isa = PBXFileReference; lastKnownFileType = sourcecode.swift; path = ExportDataView.swift; sourceTree = "<group>"; };
		5EDE449667EB4F12AF20AC12 /* PortfolioViewModel.swift */ = {isa = PBXFileReference; lastKnownFileType = sourcecode.swift; path = PortfolioViewModel.swift; sourceTree = "<group>"; };
		6023B481F046438FB9D5AB1A /* MarketDataService.swift */ = {isa = PBXFileReference; lastKnownFileType = sourcecode.swift; path = MarketDataService.swift; sourceTree = "<group>"; };
		68B373C3D4EC855E13FBBC0D /* BackupService.swift */ = {isa = PBXFileReference; lastKnownFileType = sourcecode.swift; path = BackupService.swift; sourceTree = "<group>"; };
		7A3E21BE5A3A416AA00B47A0 /* AddTransactionView.swift */ = {isa = PBXFileReference; lastKnownFileType = sourcecode.swift; path = AddTransactionView.swift; sourceTree = "<group>"; };
		7B3A9F2F8FDE4A6C8B9E0E09 /* Persistence.swift */ = {isa = PBXFileReference; lastKnownFileType = sourcecode.swift; path = Persistence.swift; sourceTree = "<group>"; };
		85FFAA3D58B9478DAE939C28 /* FamilyInvestmentTrackerApp.swift */ = {isa = PBXFileReference; lastKnownFileType = sourcecode.swift; path = FamilyInvestmentTrackerApp.swift; sourceTree = "<group>"; };
		8702523FBFC6E22949A4646D /* Institution+Cash.swift */ = {isa = PBXFileReference; lastKnownFileType = sourcecode.swift; path = "Institution+Cash.swift"; sourceTree = "<group>"; };
		98DC16DBA98343AEBC73F1F4 /* PortfolioDashboardView.swift */ = {isa = PBXFileReference; lastKnownFileType = sourcecode.swift; path = PortfolioDashboardView.swift; sourceTree = "<group>"; };
		A0900C7129C51F7F009D1EAB /* PortfolioInstitutionCurrencyCash+Extensions.swift */ = {isa = PBXFileReference; lastKnownFileType = sourcecode.swift; path = "PortfolioInstitutionCurrencyCash+Extensions.swift"; sourceTree = "<group>"; };
		A136EB05B9154DEDA208FC05 /* PortfolioSettingsView.swift */ = {isa = PBXFileReference; lastKnownFileType = sourcecode.swift; path = PortfolioSettingsView.swift; sourceTree = "<group>"; };
		A597C86D50F2403B90A1C9D7 /* TransactionType.swift */ = {isa = PBXFileReference; lastKnownFileType = sourcecode.swift; path = TransactionType.swift; sourceTree = "<group>"; };
		A6585115FE4F40BFBC1525C4 /* TransactionsView.swift */ = {isa = PBXFileReference; lastKnownFileType = sourcecode.swift; path = TransactionsView.swift; sourceTree = "<group>"; };
		A7F0E1C2D3B4456699AA0011 /* CashDisciplineService.swift */ = {isa = PBXFileReference; lastKnownFileType = sourcecode.swift; path = CashDisciplineService.swift; sourceTree = "<group>"; };
		B1F2A3C4D5E6071890ABCDEF /* Asset+Deposit.swift */ = {isa = PBXFileReference; lastKnownFileType = sourcecode.swift; path = "Asset+Deposit.swift"; sourceTree = "<group>"; };
		B2C3D4E5F6G7H8I9J0K1L2M3 /* CloudShareView.swift */ = {isa = PBXFileReference; lastKnownFileType = sourcecode.swift; path = CloudShareView.swift; sourceTree = "<group>"; };
		B2F3A4C5D6E7081991ABCDEF /* Asset+Identifier.swift */ = {isa = PBXFileReference; lastKnownFileType = sourcecode.swift; path = "Asset+Identifier.swift"; sourceTree = "<group>"; };
		B3F4A5C6D7E8091A92ABCDEF /* Holding+Identifier.swift */ = {isa = PBXFileReference; lastKnownFileType = sourcecode.swift; path = "Holding+Identifier.swift"; sourceTree = "<group>"; };
		B4F5A6C7D8E90A1B93ABCDEF /* Transaction+Deposit.swift */ = {isa = PBXFileReference; lastKnownFileType = sourcecode.swift; path = "Transaction+Deposit.swift"; sourceTree = "<group>"; };
		C1D2E3F4A5B6071890ABCDEF /* CashBalanceService.swift */ = {isa = PBXFileReference; lastKnownFileType = sourcecode.swift; path = CashBalanceService.swift; sourceTree = "<group>"; };
		C1D2E3F4A5B6978899CCDDF1 /* Transaction+CashDiscipline.swift */ = {isa = PBXFileReference; lastKnownFileType = sourcecode.swift; path = "Transaction+CashDiscipline.swift"; sourceTree = "<group>"; };
		C2D3E4F5A6B7081991ABCDEF /* FixedDepositMigrationService.swift */ = {isa = PBXFileReference; lastKnownFileType = sourcecode.swift; path = FixedDepositMigrationService.swift; sourceTree = "<group>"; };
		C3D4E5F6A7B8091A92ABCDEF /* FixedDepositService.swift */ = {isa = PBXFileReference; lastKnownFileType = sourcecode.swift; path = FixedDepositService.swift; sourceTree = "<group>"; };
		C50FDA55600A41BC875E0BD6 /* HoldingDetailView.swift */ = {isa = PBXFileReference; lastKnownFileType = sourcecode.swift; path = HoldingDetailView.swift; sourceTree = "<group>"; };
		C92FBCCFBC834245B55F0285 /* AnalyticsView.swift */ = {isa = PBXFileReference; lastKnownFileType = sourcecode.swift; path = AnalyticsView.swift; sourceTree = "<group>"; };
		CAAA11112222333344445555 /* CashOverviewView.swift */ = {isa = PBXFileReference; lastKnownFileType = sourcecode.swift; path = CashOverviewView.swift; sourceTree = "<group>"; };
		CF52C0EA3CEE4AE2ADBCD676 /* AuthenticationView.swift */ = {isa = PBXFileReference; lastKnownFileType = sourcecode.swift; path = AuthenticationView.swift; sourceTree = "<group>"; };
		D1E2F3A4B5C6071890ABCDEF /* AddFixedDepositView.swift */ = {isa = PBXFileReference; lastKnownFileType = sourcecode.swift; path = AddFixedDepositView.swift; sourceTree = "<group>"; };
		D2E3F4A5B6C7081991ABCDEF /* FixedDepositManagementView.swift */ = {isa = PBXFileReference; lastKnownFileType = sourcecode.swift; path = FixedDepositManagementView.swift; sourceTree = "<group>"; };
		D2E87F551CE64C0EBE952816 /* AuthenticationManager.swift */ = {isa = PBXFileReference; lastKnownFileType = sourcecode.swift; path = AuthenticationManager.swift; sourceTree = "<group>"; };
		D3E4F5A6B7C8091A92ABCDEF /* FixedDepositMigrationView.swift */ = {isa = PBXFileReference; lastKnownFileType = sourcecode.swift; path = FixedDepositMigrationView.swift; sourceTree = "<group>"; };
		D5E6F7G8H9I0J1K2L3M4N5O6 /* PortfolioOwnershipService.swift */ = {isa = PBXFileReference; lastKnownFileType = sourcecode.swift; path = PortfolioOwnershipService.swift; sourceTree = "<group>"; };
		D6B7C8A9E0F1123456789ABC /* CloudShareManager.swift */ = {isa = PBXFileReference; lastKnownFileType = sourcecode.swift; path = CloudShareManager.swift; sourceTree = "<group>"; };
		E05B1E5F2D334E2190922280 /* SettingsView.swift */ = {isa = PBXFileReference; lastKnownFileType = sourcecode.swift; path = SettingsView.swift; sourceTree = "<group>"; };
		E366BA19FB884F43926B5E7B /* ExportService.swift */ = {isa = PBXFileReference; lastKnownFileType = sourcecode.swift; path = ExportService.swift; sourceTree = "<group>"; };
		E3B4F5C6D7A80901E2F3A4B5 /* DashboardSettingsService.swift */ = {isa = PBXFileReference; lastKnownFileType = sourcecode.swift; path = DashboardSettingsService.swift; sourceTree = "<group>"; };
		E4A1B2C3D4E5F60718293A4B /* TransactionImpactService.swift */ = {isa = PBXFileReference; lastKnownFileType = sourcecode.swift; path = TransactionImpactService.swift; sourceTree = "<group>"; };
		E71634042E7BA470007ACEFC /* FamilyInvestmentTracker.entitlements */ = {isa = PBXFileReference; lastKnownFileType = text.plist.entitlements; path = FamilyInvestmentTracker.entitlements; sourceTree = "<group>"; };
		E79764D02E990C850061C202 /* ActionCalendarView.swift */ = {isa = PBXFileReference; lastKnownFileType = sourcecode.swift; path = ActionCalendarView.swift; sourceTree = "<group>"; };
		E797650A2EA87B710061C202 /* SecurityQuestionManager.swift */ = {isa = PBXFileReference; lastKnownFileType = sourcecode.swift; path = SecurityQuestionManager.swift; sourceTree = "<group>"; };
		E797650C2EA87BA10061C202 /* NewPasswordSetupView.swift */ = {isa = PBXFileReference; lastKnownFileType = sourcecode.swift; path = NewPasswordSetupView.swift; sourceTree = "<group>"; };
		E797650D2EA87BA10061C202 /* PasswordRecoveryView.swift */ = {isa = PBXFileReference; lastKnownFileType = sourcecode.swift; path = PasswordRecoveryView.swift; sourceTree = "<group>"; };
		E797650E2EA87BA10061C202 /* SecurityQuestionsRecoveryView.swift */ = {isa = PBXFileReference; lastKnownFileType = sourcecode.swift; path = SecurityQuestionsRecoveryView.swift; sourceTree = "<group>"; };
		E797650F2EA87BA10061C202 /* SecurityQuestionsSetupView.swift */ = {isa = PBXFileReference; lastKnownFileType = sourcecode.swift; path = SecurityQuestionsSetupView.swift; sourceTree = "<group>"; };
		E79765142EA885EF0061C202 /* SecurityQuestionsManagementView.swift */ = {isa = PBXFileReference; lastKnownFileType = sourcecode.swift; path = SecurityQuestionsManagementView.swift; sourceTree = "<group>"; };
		E7C3DCEF2E7E881900FC092A /* InstitutionAssetService.swift */ = {isa = PBXFileReference; lastKnownFileType = sourcecode.swift; path = InstitutionAssetService.swift; sourceTree = "<group>"; };
		EEA99CCF4E3B4F06AFD5C2F0 /* Portfolio+Cash.swift */ = {isa = PBXFileReference; lastKnownFileType = sourcecode.swift; path = "Portfolio+Cash.swift"; sourceTree = "<group>"; };
		F4E3D2C1B0A9988776655443 /* InsurancePaymentService.swift */ = {isa = PBXFileReference; lastKnownFileType = sourcecode.swift; path = InsurancePaymentService.swift; sourceTree = "<group>"; };
		F5A6B7C8D9E00123456789AB /* RealizedPnLCalculator.swift */ = {isa = PBXFileReference; lastKnownFileType = sourcecode.swift; path = RealizedPnLCalculator.swift; sourceTree = "<group>"; };
		F5A6B7C8D9E00123456789B1 /* RealizedGainRepairService.swift */ = {isa = PBXFileReference; lastKnownFileType = sourcecode.swift; path = RealizedGainRepairService.swift; sourceTree = "<group>"; };
		F5A6B7C8D9E00123456789D1 /* CompanionLinkRepairService.swift */ = {isa = PBXFileReference; lastKnownFileType = sourcecode.swift; path = CompanionLinkRepairService.swift; sourceTree = "<group>"; };
		F630DE14897845C18BB21F5D /* FamilyInvestmentTracker.app */ = {isa = PBXFileReference; explicitFileType = wrapper.application; includeInIndex = 0; path = FamilyInvestmentTracker.app; sourceTree = BUILT_PRODUCTS_DIR; };
		F74CA0BB7B14D5CF69491037 /* Transaction+RealizedGain.swift */ = {isa = PBXFileReference; lastKnownFileType = sourcecode.swift; path = "Transaction+RealizedGain.swift"; sourceTree = "<group>"; };
/* End PBXFileReference section */

/* Begin PBXFrameworksBuildPhase section */
		0DC4208FC576467F9E09FB04 /* Frameworks */ = {
			isa = PBXFrameworksBuildPhase;
			buildActionMask = 2147483647;
			files = (
			);
			runOnlyForDeploymentPostprocessing = 0;
		};
/* End PBXFrameworksBuildPhase section */

/* Begin PBXGroup section */
		033DADF6C8BF4CFBB1282EB6 = {
			isa = PBXGroup;
			children = (
				71681110CF994FF2BB88DCA3 /* FamilyInvestmentTracker */,
				FFECC19CF06946BC891F4785 /* Products */,
			);
			sourceTree = "<group>";
		};
		0720CC5B532342D6BAC2640D /* Authentication */ = {
			isa = PBXGroup;
			children = (
				E797650A2EA87B710061C202 /* SecurityQuestionManager.swift */,
				D2E87F551CE64C0EBE952816 /* AuthenticationManager.swift */,
			);
			path = Authentication;
			sourceTree = "<group>";
		};
		71681110CF994FF2BB88DCA3 /* FamilyInvestmentTracker */ = {
			isa = PBXGroup;
			children = (
				E71634042E7BA470007ACEFC /* FamilyInvestmentTracker.entitlements */,
				85FFAA3D58B9478DAE939C28 /* FamilyInvestmentTrackerApp.swift */,
				4F73691411C641EE9E5E0180 /* ContentView.swift */,
				7B3A9F2F8FDE4A6C8B9E0E09 /* Persistence.swift */,
				7D43B96D75BD47048F5573E9 /* Views */,
				A23CC769BA124303A43A5710 /* Models */,
				E15BF352CA464A739ED59918 /* ViewModels */,
				EFB827FA5960498B8EB9C209 /* Services */,
				0720CC5B532342D6BAC2640D /* Authentication */,
				EB5ECC97A7F24D478D120806 /* Utils */,
				34312004A3BC4B16A37E5324 /* FamilyInvestmentTracker.xcdatamodeld */,
				1CCD403B2EA641EB8CD92769 /* Assets.xcassets */,
				15E592AC0E3F4869838779D2 /* Info.plist */,
			);
			path = FamilyInvestmentTracker;
			sourceTree = "<group>";
		};
		7D43B96D75BD47048F5573E9 /* Views */ = {
			isa = PBXGroup;
			children = (
				E79765142EA885EF0061C202 /* SecurityQuestionsManagementView.swift */,
				E797650C2EA87BA10061C202 /* NewPasswordSetupView.swift */,
				E797650D2EA87BA10061C202 /* PasswordRecoveryView.swift */,
				E797650E2EA87BA10061C202 /* SecurityQuestionsRecoveryView.swift */,
				E797650F2EA87BA10061C202 /* SecurityQuestionsSetupView.swift */,
				E79764D02E990C850061C202 /* ActionCalendarView.swift */,
				A136EB05B9154DEDA208FC05 /* PortfolioSettingsView.swift */,
				E05B1E5F2D334E2190922280 /* SettingsView.swift */,
				5CFE7AA0DD064D5E91FF413D /* ExportDataView.swift */,
				56FC7726FE2E4297BBECEA49 /* AddPortfolioView.swift */,
				98DC16DBA98343AEBC73F1F4 /* PortfolioDashboardView.swift */,
				CAAA11112222333344445555 /* CashOverviewView.swift */,
				46CA597ABF61463EBB88272F /* PortfolioListView.swift */,
				1F20E7A40D184FC4AFA47EA7 /* HoldingsView.swift */,
				C50FDA55600A41BC875E0BD6 /* HoldingDetailView.swift */,
				3D046EC644910D6BDC69E714 /* RealizedPnLView.swift */,
				CF52C0EA3CEE4AE2ADBCD676 /* AuthenticationView.swift */,
				C92FBCCFBC834245B55F0285 /* AnalyticsView.swift */,
				A6585115FE4F40BFBC1525C4 /* TransactionsView.swift */,
				7A3E21BE5A3A416AA00B47A0 /* AddTransactionView.swift */,
				0C99186756F54D068D8536E8 /* TransactionDetailView.swift */,
				B2C3D4E5F6G7H8I9J0K1L2M3 /* CloudShareView.swift */,
				D1E2F3A4B5C6071890ABCDEF /* AddFixedDepositView.swift */,
				D2E3F4A5B6C7081991ABCDEF /* FixedDepositManagementView.swift */,
				D3E4F5A6B7C8091A92ABCDEF /* FixedDepositMigrationView.swift */,
			);
			path = Views;
			sourceTree = "<group>";
		};
		A23CC769BA124303A43A5710 /* Models */ = {
			isa = PBXGroup;
			children = (
				A597C86D50F2403B90A1C9D7 /* TransactionType.swift */,
				395737A13B277FC9BE5D744C /* Transaction+Identifier.swift */,
				B4F5A6C7D8E90A1B93ABCDEF /* Transaction+Deposit.swift */,
				C1D2E3F4A5B6978899CCDDF1 /* Transaction+CashDiscipline.swift */,
				F74CA0BB7B14D5CF69491037 /* Transaction+RealizedGain.swift */,
				EEA99CCF4E3B4F06AFD5C2F0 /* Portfolio+Cash.swift */,
				A0900C7129C51F7F009D1EAB /* PortfolioInstitutionCurrencyCash+Extensions.swift */,
				B1F2A3C4D5E6071890ABCDEF /* Asset+Deposit.swift */,
				B2F3A4C5D6E7081991ABCDEF /* Asset+Identifier.swift */,
				B3F4A5C6D7E8091A92ABCDEF /* Holding+Identifier.swift */,
			);
			path = Models;
			sourceTree = "<group>";
		};
		E15BF352CA464A739ED59918 /* ViewModels */ = {
			isa = PBXGroup;
			children = (
				5EDE449667EB4F12AF20AC12 /* PortfolioViewModel.swift */,
			);
			path = ViewModels;
			sourceTree = "<group>";
		};
		EB5ECC97A7F24D478D120806 /* Utils */ = {
			isa = PBXGroup;
			children = (
				4E3FD956593F495A808BA082 /* Formatters.swift */,
				F4E3D2C1B0A9988776655443 /* InsurancePaymentService.swift */,
			);
			path = Utils;
			sourceTree = "<group>";
		};
		EFB827FA5960498B8EB9C209 /* Services */ = {
			isa = PBXGroup;
			children = (
				E7C3DCEF2E7E881900FC092A /* InstitutionAssetService.swift */,
				68B373C3D4EC855E13FBBC0D /* BackupService.swift */,
				8702523FBFC6E22949A4646D /* Institution+Cash.swift */,
				E366BA19FB884F43926B5E7B /* ExportService.swift */,
				14EA6AA8835A46F9861D6378 /* CurrencyService.swift */,
				D6B7C8A9E0F1123456789ABC /* CloudShareManager.swift */,
				6023B481F046438FB9D5AB1A /* MarketDataService.swift */,
				595D7062BFBF413DA8BA003C /* CloudKitService.swift */,
				D5E6F7G8H9I0J1K2L3M4N5O6 /* PortfolioOwnershipService.swift */,
				E3B4F5C6D7A80901E2F3A4B5 /* DashboardSettingsService.swift */,
				E4A1B2C3D4E5F60718293A4B /* TransactionImpactService.swift */,
				A7F0E1C2D3B4456699AA0011 /* CashDisciplineService.swift */,
				C1D2E3F4A5B6071890ABCDEF /* CashBalanceService.swift */,
				C3D4E5F6A7B8091A92ABCDEF /* FixedDepositService.swift */,
				C2D3E4F5A6B7081991ABCDEF /* FixedDepositMigrationService.swift */,
				F5A6B7C8D9E00123456789AB /* RealizedPnLCalculator.swift */,
				F5A6B7C8D9E00123456789D1 /* CompanionLinkRepairService.swift */,
				F5A6B7C8D9E00123456789B1 /* RealizedGainRepairService.swift */,
			);
			path = Services;
			sourceTree = "<group>";
		};
		FFECC19CF06946BC891F4785 /* Products */ = {
			isa = PBXGroup;
			children = (
				F630DE14897845C18BB21F5D /* FamilyInvestmentTracker.app */,
			);
			name = Products;
			sourceTree = "<group>";
		};
/* End PBXGroup section */

/* Begin PBXNativeTarget section */
		B2466F676C2C47A9AF4F4CBD /* FamilyInvestmentTracker */ = {
			isa = PBXNativeTarget;
			buildConfigurationList = 2D0016A50ACB4033986E7A41 /* Build configuration list for PBXNativeTarget "FamilyInvestmentTracker" */;
			buildPhases = (
				0EF8AC919C8C490CB8D5CCD8 /* Sources */,
				0DC4208FC576467F9E09FB04 /* Frameworks */,
				94DBCA30B4F84F358902EA72 /* Resources */,
			);
			buildRules = (
			);
			dependencies = (
			);
			name = FamilyInvestmentTracker;
			productName = FamilyInvestmentTracker;
			productReference = F630DE14897845C18BB21F5D /* FamilyInvestmentTracker.app */;
			productType = "com.apple.product-type.application";
		};
/* End PBXNativeTarget section */

/* Begin PBXProject section */
		576ADBDA3D5E44739369BD97 /* Project object */ = {
			isa = PBXProject;
			attributes = {
				BuildIndependentTargetsInParallel = 1;
				LastSwiftUpdateCheck = 1500;
				LastUpgradeCheck = 2600;
				TargetAttributes = {
					B2466F676C2C47A9AF4F4CBD = {
						CreatedOnToolsVersion = 15.0;
					};
				};
			};
			buildConfigurationList = 5FBCF12CFCB04CC8BF8674A0 /* Build configuration list for PBXProject "FamilyInvestmentTracker" */;
			compatibilityVersion = "Xcode 14.0";
			developmentRegion = en;
			hasScannedForEncodings = 0;
			knownRegions = (
				en,
				Base,
			);
			mainGroup = 033DADF6C8BF4CFBB1282EB6;
			productRefGroup = FFECC19CF06946BC891F4785 /* Products */;
			projectDirPath = "";
			projectRoot = "";
			targets = (
				B2466F676C2C47A9AF4F4CBD /* FamilyInvestmentTracker */,
			);
		};
/* End PBXProject section */

/* Begin PBXResourcesBuildPhase section */
		94DBCA30B4F84F358902EA72 /* Resources */ = {
			isa = PBXResourcesBuildPhase;
			buildActionMask = 2147483647;
			files = (
				0C269737CF02497A996C6DD8 /* Assets.xcassets in Resources */,
			);
			runOnlyForDeploymentPostprocessing = 0;
		};
/* End PBXResourcesBuildPhase section */

/* Begin PBXSourcesBuildPhase section */
		0EF8AC919C8C490CB8D5CCD8 /* Sources */ = {
			isa = PBXSourcesBuildPhase;
			buildActionMask = 2147483647;
			files = (
				2022E4B164974B0DB2BBCD5E /* FamilyInvestmentTrackerApp.swift in Sources */,
				03A1237FC77E43D2B6698A64 /* ContentView.swift in Sources */,
				672CA89D46D34C8AA97BE10F /* Persistence.swift in Sources */,
				F70A2E2BE7324FD9938E12DB /* FamilyInvestmentTracker.xcdatamodeld in Sources */,
				A7BE011BD6D04F25A1938907 /* PortfolioSettingsView.swift in Sources */,
				8249C25014704EEDA0D21F55 /* SettingsView.swift in Sources */,
				B8A3BF339CA44DBF8A3D0047 /* ExportDataView.swift in Sources */,
				E7C3DCF02E7E881900FC092A /* InstitutionAssetService.swift in Sources */,
				83A5D1E5DC394A9EB73324A7 /* AddPortfolioView.swift in Sources */,
				5FAF03082FDC46558F9413C4 /* PortfolioDashboardView.swift in Sources */,
				DAAA11112222333344445555 /* CashOverviewView.swift in Sources */,
				D149D9695BA94585ADA4CE5F /* PortfolioListView.swift in Sources */,
				DC9D5EF6AE3B47378F352FEC /* HoldingsView.swift in Sources */,
				3AA4BB5CC6DD7EE8FF990011 /* AddFixedDepositView.swift in Sources */,
				29D6308CA77F440B853D914F /* HoldingDetailView.swift in Sources */,
				3BB4CC5DD6EE7FF8AA990011 /* FixedDepositManagementView.swift in Sources */,
				3CC4DD5EE6FF7AA8BB990011 /* FixedDepositMigrationView.swift in Sources */,
				ABDE230C8B0048F780ACCAB0 /* AuthenticationView.swift in Sources */,
				347C0A05FBD64A32B512CA58 /* AnalyticsView.swift in Sources */,
				8F98ABE15450474E80A397BB /* TransactionsView.swift in Sources */,
				7E3696D6D0B044F798ED84F2 /* AddTransactionView.swift in Sources */,
				560258E959B6429D904DAB71 /* TransactionDetailView.swift in Sources */,
				54A8582A9FF64B02975C69C5 /* TransactionType.swift in Sources */,
				58F2D75B45B147E8BF87850B /* Portfolio+Cash.swift in Sources */,
				A0900C7229C51F7F009D1EAB /* PortfolioInstitutionCurrencyCash+Extensions.swift in Sources */,
				E79765152EA885EF0061C202 /* SecurityQuestionsManagementView.swift in Sources */,
				E2BF2D84B7C1CE379A5EBC69 /* Transaction+Identifier.swift in Sources */,
				1DD2EE3FF4AA5BB6CC778899 /* Transaction+Deposit.swift in Sources */,
				C1D2E3F4A5B6978899CCDDF0 /* Transaction+CashDiscipline.swift in Sources */,
				1AA2BB3CC4DD5EE6FF778899 /* Asset+Deposit.swift in Sources */,
				E797650B2EA87B710061C202 /* SecurityQuestionManager.swift in Sources */,
				1BB2CC3DD4EE5FF6AA778899 /* Asset+Identifier.swift in Sources */,
				1CC2DD3EE4FF5AA6BB778899 /* Holding+Identifier.swift in Sources */,
				842B620D08FA0D905EF77BE2 /* Transaction+RealizedGain.swift in Sources */,
				FBD0CCD82D2847218E69009D /* PortfolioViewModel.swift in Sources */,
				ABA07C6B8FDB2A8E718FE4C1 /* BackupService.swift in Sources */,
				E5595773ED24E0FEF64845E6 /* Institution+Cash.swift in Sources */,
				B1298A2431A4CD7CB2A823D9 /* RealizedPnLView.swift in Sources */,
				DC551AD0B5EA412398AB1893 /* ExportService.swift in Sources */,
				B1E7E6EA5A0845AC94672E31 /* CurrencyService.swift in Sources */,
				2AA3BB4CC5DD6EE7FF889900 /* CashBalanceService.swift in Sources */,
				2CC3DD4EE5FF6AA7BB889900 /* FixedDepositService.swift in Sources */,
				E79765102EA87BA10061C202 /* PasswordRecoveryView.swift in Sources */,
				E79765112EA87BA10061C202 /* NewPasswordSetupView.swift in Sources */,
				E79765122EA87BA10061C202 /* SecurityQuestionsRecoveryView.swift in Sources */,
				E79765132EA87BA10061C202 /* SecurityQuestionsSetupView.swift in Sources */,
				2BB3CC4DD5EE6FF7AA889900 /* FixedDepositMigrationService.swift in Sources */,
				B5C6D7E8F90123456789ABCD /* TransactionImpactService.swift in Sources */,
				B7F0E1C2D3B4456699AA0012 /* CashDisciplineService.swift in Sources */,
				0CC6A3785A284F1C8628046C /* MarketDataService.swift in Sources */,
				A3B4C5D6E7F8123456789ABC /* CloudShareManager.swift in Sources */,
				02ABC2CEEA914C959E61E028 /* CloudKitService.swift in Sources */,
				A1B2C3D4E5F6G7H8I9J0K1L2 /* CloudShareView.swift in Sources */,
				E79764D12E990C850061C202 /* ActionCalendarView.swift in Sources */,
				C4D5E6F7G8H9I0J1K2L3M4N5 /* PortfolioOwnershipService.swift in Sources */,
				A2C3D4E5F6A7B8090C1D2E3F /* DashboardSettingsService.swift in Sources */,
				F5A6B7C8D9E00123456789AC /* RealizedPnLCalculator.swift in Sources */,
				F5A6B7C8D9E00123456789D2 /* CompanionLinkRepairService.swift in Sources */,
				F5A6B7C8D9E00123456789B2 /* RealizedGainRepairService.swift in Sources */,
				96B7992AEA38485CB1E59864 /* AuthenticationManager.swift in Sources */,
				B7236D6B6C2246DFA1DDE107 /* Formatters.swift in Sources */,
				E1D2C3B4A5968778695A4B3C /* InsurancePaymentService.swift in Sources */,
			);
			runOnlyForDeploymentPostprocessing = 0;
		};
/* End PBXSourcesBuildPhase section */

/* Begin XCBuildConfiguration section */
		3E9754C9A00A4F90AF522270 /* Release */ = {
			isa = XCBuildConfiguration;
			buildSettings = {
				ALWAYS_SEARCH_USER_PATHS = NO;
				ASSETCATALOG_COMPILER_GENERATE_SWIFT_ASSET_SYMBOL_EXTENSIONS = YES;
				CLANG_ANALYZER_NONNULL = YES;
				CLANG_ANALYZER_NUMBER_OBJECT_CONVERSION = YES_AGGRESSIVE;
				CLANG_CXX_LANGUAGE_STANDARD = "gnu++20";
				CLANG_ENABLE_MODULES = YES;
				CLANG_ENABLE_OBJC_ARC = YES;
				CLANG_ENABLE_OBJC_WEAK = YES;
				CLANG_WARN_BLOCK_CAPTURE_AUTORELEASING = YES;
				CLANG_WARN_BOOL_CONVERSION = YES;
				CLANG_WARN_COMMA = YES;
				CLANG_WARN_CONSTANT_CONVERSION = YES;
				CLANG_WARN_DEPRECATED_OBJC_IMPLEMENTATIONS = YES;
				CLANG_WARN_DIRECT_OBJC_ISA_USAGE = YES_ERROR;
				CLANG_WARN_DOCUMENTATION_COMMENTS = YES;
				CLANG_WARN_EMPTY_BODY = YES;
				CLANG_WARN_ENUM_CONVERSION = YES;
				CLANG_WARN_INFINITE_RECURSION = YES;
				CLANG_WARN_INT_CONVERSION = YES;
				CLANG_WARN_NON_LITERAL_NULL_CONVERSION = YES;
				CLANG_WARN_OBJC_IMPLICIT_RETAIN_SELF = YES;
				CLANG_WARN_OBJC_LITERAL_CONVERSION = YES;
				CLANG_WARN_OBJC_ROOT_CLASS = YES_ERROR;
				CLANG_WARN_QUOTED_INCLUDE_IN_FRAMEWORK_HEADER = YES;
				CLANG_WARN_RANGE_LOOP_ANALYSIS = YES;
				CLANG_WARN_STRICT_PROTOTYPES = YES;
				CLANG_WARN_SUSPICIOUS_MOVE = YES;
				CLANG_WARN_UNGUARDED_AVAILABILITY = YES_AGGRESSIVE;
				CLANG_WARN_UNREACHABLE_CODE = YES;
				CLANG_WARN__DUPLICATE_METHOD_MATCH = YES;
				COPY_PHASE_STRIP = NO;
				DEBUG_INFORMATION_FORMAT = "dwarf-with-dsym";
				DEVELOPMENT_TEAM = VR5N3M7G56;
				ENABLE_NS_ASSERTIONS = NO;
				ENABLE_STRICT_OBJC_MSGSEND = YES;
				ENABLE_USER_SCRIPT_SANDBOXING = YES;
				GCC_C_LANGUAGE_STANDARD = gnu17;
				GCC_NO_COMMON_BLOCKS = YES;
				GCC_WARN_64_TO_32_BIT_CONVERSION = YES;
				GCC_WARN_ABOUT_RETURN_TYPE = YES_ERROR;
				GCC_WARN_UNDECLARED_SELECTOR = YES;
				GCC_WARN_UNINITIALIZED_AUTOS = YES_AGGRESSIVE;
				GCC_WARN_UNUSED_FUNCTION = YES;
				GCC_WARN_UNUSED_VARIABLE = YES;
				IPHONEOS_DEPLOYMENT_TARGET = 17.0;
				LOCALIZATION_PREFERS_STRING_CATALOGS = YES;
				MTL_ENABLE_DEBUG_INFO = NO;
				MTL_FAST_MATH = YES;
				SDKROOT = iphoneos;
				STRING_CATALOG_GENERATE_SYMBOLS = YES;
				SWIFT_COMPILATION_MODE = wholemodule;
				VALIDATE_PRODUCT = YES;
			};
			name = Release;
		};
		4CDAC1C8693946F7A82A2E1F /* Release */ = {
			isa = XCBuildConfiguration;
			buildSettings = {
				ASSETCATALOG_COMPILER_APPICON_NAME = AppIcon;
				ASSETCATALOG_COMPILER_GLOBAL_ACCENT_COLOR_NAME = AccentColor;
				CODE_SIGN_ENTITLEMENTS = FamilyInvestmentTracker/FamilyInvestmentTracker.entitlements;
				CODE_SIGN_STYLE = Automatic;
				CURRENT_PROJECT_VERSION = 2;
				ENABLE_PREVIEWS = YES;
				GENERATE_INFOPLIST_FILE = NO;
				INFOPLIST_FILE = FamilyInvestmentTracker/Info.plist;
				INFOPLIST_KEY_LSApplicationCategoryType = "public.app-category.utilities";
				INFOPLIST_KEY_UIApplicationSceneManifest_Generation = YES;
				INFOPLIST_KEY_UIApplicationSupportsIndirectInputEvents = YES;
				INFOPLIST_KEY_UILaunchScreen_Generation = YES;
				INFOPLIST_KEY_UISupportedInterfaceOrientations_iPad = "UIInterfaceOrientationPortrait UIInterfaceOrientationPortraitUpsideDown UIInterfaceOrientationLandscapeLeft UIInterfaceOrientationLandscapeRight";
				INFOPLIST_KEY_UISupportedInterfaceOrientations_iPhone = "UIInterfaceOrientationPortrait UIInterfaceOrientationLandscapeLeft UIInterfaceOrientationLandscapeRight";
				LD_RUNPATH_SEARCH_PATHS = (
					"$(inherited)",
					"@executable_path/Frameworks",
				);
				MARKETING_VERSION = 1.1;
				PRODUCT_BUNDLE_IDENTIFIER = com.kongkong.FamilyInvestmentTracker;
				PRODUCT_NAME = "$(TARGET_NAME)";
				SWIFT_EMIT_LOC_STRINGS = YES;
				SWIFT_VERSION = 5.0;
				TARGETED_DEVICE_FAMILY = "1,2";
			};
			name = Release;
		};
		6CA9131B60524058A7D11F33 /* Debug */ = {
			isa = XCBuildConfiguration;
			buildSettings = {
				ALWAYS_SEARCH_USER_PATHS = NO;
				ASSETCATALOG_COMPILER_GENERATE_SWIFT_ASSET_SYMBOL_EXTENSIONS = YES;
				CLANG_ANALYZER_NONNULL = YES;
				CLANG_ANALYZER_NUMBER_OBJECT_CONVERSION = YES_AGGRESSIVE;
				CLANG_CXX_LANGUAGE_STANDARD = "gnu++20";
				CLANG_ENABLE_MODULES = YES;
				CLANG_ENABLE_OBJC_ARC = YES;
				CLANG_ENABLE_OBJC_WEAK = YES;
				CLANG_WARN_BLOCK_CAPTURE_AUTORELEASING = YES;
				CLANG_WARN_BOOL_CONVERSION = YES;
				CLANG_WARN_COMMA = YES;
				CLANG_WARN_CONSTANT_CONVERSION = YES;
				CLANG_WARN_DEPRECATED_OBJC_IMPLEMENTATIONS = YES;
				CLANG_WARN_DIRECT_OBJC_ISA_USAGE = YES_ERROR;
				CLANG_WARN_DOCUMENTATION_COMMENTS = YES;
				CLANG_WARN_EMPTY_BODY = YES;
				CLANG_WARN_ENUM_CONVERSION = YES;
				CLANG_WARN_INFINITE_RECURSION = YES;
				CLANG_WARN_INT_CONVERSION = YES;
				CLANG_WARN_NON_LITERAL_NULL_CONVERSION = YES;
				CLANG_WARN_OBJC_IMPLICIT_RETAIN_SELF = YES;
				CLANG_WARN_OBJC_LITERAL_CONVERSION = YES;
				CLANG_WARN_OBJC_ROOT_CLASS = YES_ERROR;
				CLANG_WARN_QUOTED_INCLUDE_IN_FRAMEWORK_HEADER = YES;
				CLANG_WARN_RANGE_LOOP_ANALYSIS = YES;
				CLANG_WARN_STRICT_PROTOTYPES = YES;
				CLANG_WARN_SUSPICIOUS_MOVE = YES;
				CLANG_WARN_UNGUARDED_AVAILABILITY = YES_AGGRESSIVE;
				CLANG_WARN_UNREACHABLE_CODE = YES;
				CLANG_WARN__DUPLICATE_METHOD_MATCH = YES;
				COPY_PHASE_STRIP = NO;
				DEBUG_INFORMATION_FORMAT = dwarf;
				DEVELOPMENT_TEAM = VR5N3M7G56;
				ENABLE_STRICT_OBJC_MSGSEND = YES;
				ENABLE_TESTABILITY = YES;
				ENABLE_USER_SCRIPT_SANDBOXING = YES;
				GCC_C_LANGUAGE_STANDARD = gnu17;
				GCC_DYNAMIC_NO_PIC = NO;
				GCC_NO_COMMON_BLOCKS = YES;
				GCC_OPTIMIZATION_LEVEL = 0;
				GCC_PREPROCESSOR_DEFINITIONS = (
					"DEBUG=1",
					"$(inherited)",
				);
				GCC_WARN_64_TO_32_BIT_CONVERSION = YES;
				GCC_WARN_ABOUT_RETURN_TYPE = YES_ERROR;
				GCC_WARN_UNDECLARED_SELECTOR = YES;
				GCC_WARN_UNINITIALIZED_AUTOS = YES_AGGRESSIVE;
				GCC_WARN_UNUSED_FUNCTION = YES;
				GCC_WARN_UNUSED_VARIABLE = YES;
				IPHONEOS_DEPLOYMENT_TARGET = 17.0;
				LOCALIZATION_PREFERS_STRING_CATALOGS = YES;
				MTL_ENABLE_DEBUG_INFO = INCLUDE_SOURCE;
				MTL_FAST_MATH = YES;
				ONLY_ACTIVE_ARCH = YES;
				SDKROOT = iphoneos;
				STRING_CATALOG_GENERATE_SYMBOLS = YES;
				SWIFT_ACTIVE_COMPILATION_CONDITIONS = "DEBUG $(inherited)";
				SWIFT_OPTIMIZATION_LEVEL = "-Onone";
			};
			name = Debug;
		};
		D0A2307A702243B4945FFF02 /* Debug */ = {
			isa = XCBuildConfiguration;
			buildSettings = {
				ASSETCATALOG_COMPILER_APPICON_NAME = AppIcon;
				ASSETCATALOG_COMPILER_GLOBAL_ACCENT_COLOR_NAME = AccentColor;
				CODE_SIGN_ENTITLEMENTS = FamilyInvestmentTracker/FamilyInvestmentTracker.entitlements;
				CODE_SIGN_STYLE = Automatic;
				CURRENT_PROJECT_VERSION = 39;
				ENABLE_PREVIEWS = YES;
				GENERATE_INFOPLIST_FILE = NO;
				INFOPLIST_FILE = FamilyInvestmentTracker/Info.plist;
				INFOPLIST_KEY_LSApplicationCategoryType = "public.app-category.utilities";
				INFOPLIST_KEY_UIApplicationSceneManifest_Generation = YES;
				INFOPLIST_KEY_UIApplicationSupportsIndirectInputEvents = YES;
				INFOPLIST_KEY_UILaunchScreen_Generation = YES;
				INFOPLIST_KEY_UISupportedInterfaceOrientations_iPad = "UIInterfaceOrientationPortrait UIInterfaceOrientationPortraitUpsideDown UIInterfaceOrientationLandscapeLeft UIInterfaceOrientationLandscapeRight";
				INFOPLIST_KEY_UISupportedInterfaceOrientations_iPhone = "UIInterfaceOrientationPortrait UIInterfaceOrientationLandscapeLeft UIInterfaceOrientationLandscapeRight";
				LD_RUNPATH_SEARCH_PATHS = (
					"$(inherited)",
					"@executable_path/Frameworks",
				);
				MARKETING_VERSION = 1.1;
				PRODUCT_BUNDLE_IDENTIFIER = com.kongkong.FamilyInvestmentTracker;
				PRODUCT_NAME = "$(TARGET_NAME)";
				SWIFT_EMIT_LOC_STRINGS = YES;
				SWIFT_VERSION = 5.0;
				TARGETED_DEVICE_FAMILY = "1,2";
			};
			name = Debug;
		};
/* End XCBuildConfiguration section */

/* Begin XCConfigurationList section */
		2D0016A50ACB4033986E7A41 /* Build configuration list for PBXNativeTarget "FamilyInvestmentTracker" */ = {
			isa = XCConfigurationList;
			buildConfigurations = (
				D0A2307A702243B4945FFF02 /* Debug */,
				4CDAC1C8693946F7A82A2E1F /* Release */,
			);
			defaultConfigurationIsVisible = 0;
			defaultConfigurationName = Release;
		};
		5FBCF12CFCB04CC8BF8674A0 /* Build configuration list for PBXProject "FamilyInvestmentTracker" */ = {
			isa = XCConfigurationList;
			buildConfigurations = (
				6CA9131B60524058A7D11F33 /* Debug */,
				3E9754C9A00A4F90AF522270 /* Release */,
			);
			defaultConfigurationIsVisible = 0;
			defaultConfigurationName = Release;
		};
/* End XCConfigurationList section */
	};
	rootObject = 576ADBDA3D5E44739369BD97 /* Project object */;
}
